
Microsoft Visual Studio Solution File, Format Version 12.00
# Visual Studio Version 16
VisualStudioVersion = 16.0.30907.101
MinimumVisualStudioVersion = 10.0.40219.1
Project("{8BC9CEB8-8B4A-11D0-8D11-00A0C91BC942}") = "PA5-122", "PA5-122\PA5-122.vcxproj", "{16012BC5-1490-4C8F-B1D1-C268A8884ADC}"
EndProject
Global
	GlobalSection(SolutionConfigurationPlatforms) = preSolution
		Debug|x64 = Debug|x64
		Debug|x86 = Debug|x86
		Release|x64 = Release|x64
		Release|x86 = Release|x86
	EndGlobalSection
	GlobalSection(ProjectConfigurationPlatforms) = postSolution
		{16012BC5-1490-4C8F-B1D1-C268A8884ADC}.Debug|x64.ActiveCfg = Debug|x64
		{16012BC5-1490-4C8F-B1D1-C268A8884ADC}.Debug|x64.Build.0 = Debug|x64
		{16012BC5-1490-4C8F-B1D1-C268A8884ADC}.Debug|x86.ActiveCfg = Debug|Win32
		{16012BC5-1490-4C8F-B1D1-C268A8884ADC}.Debug|x86.Build.0 = Debug|Win32
		{16012BC5-1490-4C8F-B1D1-C268A8884ADC}.Release|x64.ActiveCfg = Release|x64
		{16012BC5-1490-4C8F-B1D1-C268A8884ADC}.Release|x64.Build.0 = Release|x64
		{16012BC5-1490-4C8F-B1D1-C268A8884ADC}.Release|x86.ActiveCfg = Release|Win32
		{16012BC5-1490-4C8F-B1D1-C268A8884ADC}.Release|x86.Build.0 = Release|Win32
	EndGlobalSection
	GlobalSection(SolutionProperties) = preSolution
		HideSolutionNode = FALSE
	EndGlobalSection
	GlobalSection(ExtensibilityGlobals) = postSolution
		SolutionGuid = {AF88CD33-C553-48CB-BDBD-27908DEB5004}
	EndGlobalSection
EndGlobal
